
Microsoft Visual Studio Solution File, Format Version 12.00
# Visual Studio 14
VisualStudioVersion = 14.0.25420.1
MinimumVisualStudioVersion = 10.0.40219.1
Project("{FAE04EC0-301F-11D3-BF4B-00C04F79EFBC}") = "MaterialDialogs.Core", "MaterialDialogs.Core\MaterialDialogs.Core.csproj", "{B5C8B137-026E-4228-93DE-F272B0FD4776}"
EndProject
Project("{FAE04EC0-301F-11D3-BF4B-00C04F79EFBC}") = "MaterialDialogs.Commons", "MaterialDialogs.Commons\MaterialDialogs.Commons.csproj", "{887F7A1E-80C8-489F-B681-9C80E9E11DD4}"
EndProject
Global
	GlobalSection(SolutionConfigurationPlatforms) = preSolution
		Debug|Any CPU = Debug|Any CPU
		Release|Any CPU = Release|Any CPU
	EndGlobalSection
	GlobalSection(ProjectConfigurationPlatforms) = postSolution
		{B5C8B137-026E-4228-93DE-F272B0FD4776}.Debug|Any CPU.ActiveCfg = Debug|Any CPU
		{B5C8B137-026E-4228-93DE-F272B0FD4776}.Debug|Any CPU.Build.0 = Debug|Any CPU
		{B5C8B137-026E-4228-93DE-F272B0FD4776}.Release|Any CPU.ActiveCfg = Release|Any CPU
		{B5C8B137-026E-4228-93DE-F272B0FD4776}.Release|Any CPU.Build.0 = Release|Any CPU
		{887F7A1E-80C8-489F-B681-9C80E9E11DD4}.Debug|Any CPU.ActiveCfg = Debug|Any CPU
		{887F7A1E-80C8-489F-B681-9C80E9E11DD4}.Debug|Any CPU.Build.0 = Debug|Any CPU
		{887F7A1E-80C8-489F-B681-9C80E9E11DD4}.Release|Any CPU.ActiveCfg = Release|Any CPU
		{887F7A1E-80C8-489F-B681-9C80E9E11DD4}.Release|Any CPU.Build.0 = Release|Any CPU
	EndGlobalSection
	GlobalSection(SolutionProperties) = preSolution
		HideSolutionNode = FALSE
	EndGlobalSection
EndGlobal
